
Microsoft Visual Studio Solution File, Format Version 12.00
# Visual Studio Version 16
VisualStudioVersion = 25.0.1704.1
MinimumVisualStudioVersion = 10.0.40219.1
Project("{FAE04EC0-301F-11D3-BF4B-00C04F79EFBC}") = "SnakeGame", "SnakeGame\SnakeGame.csproj", "{D450B5B0-627B-413D-91F2-A71BC5AB9169}"
EndProject
Global
	GlobalSection(SolutionConfigurationPlatforms) = preSolution
		Debug|Any CPU = Debug|Any CPU
		Release|Any CPU = Release|Any CPU
	EndGlobalSection
	GlobalSection(ProjectConfigurationPlatforms) = postSolution
		{D450B5B0-627B-413D-91F2-A71BC5AB9169}.Debug|Any CPU.ActiveCfg = Debug|Any CPU
		{D450B5B0-627B-413D-91F2-A71BC5AB9169}.Debug|Any CPU.Build.0 = Debug|Any CPU
		{D450B5B0-627B-413D-91F2-A71BC5AB9169}.Release|Any CPU.ActiveCfg = Release|Any CPU
		{D450B5B0-627B-413D-91F2-A71BC5AB9169}.Release|Any CPU.Build.0 = Release|Any CPU
	EndGlobalSection
	GlobalSection(SolutionProperties) = preSolution
		HideSolutionNode = FALSE
	EndGlobalSection
	GlobalSection(ExtensibilityGlobals) = postSolution
		SolutionGuid = {C590374E-EEDD-46FA-850E-5D3550BB3B5B}
	EndGlobalSection
EndGlobal
